
Microsoft Visual Studio Solution File, Format Version 12.00
# Visual Studio Version 16
VisualStudioVersion = 16.0.30114.105
MinimumVisualStudioVersion = 10.0.40219.1
Project("{9A19103F-16F7-4668-BE54-9A1E7A4F7556}") = "Deligate", "src\Deligate\Deligate.csproj", "{BD758178-0326-48A8-B986-56F269B95355}"
EndProject
Project("{9A19103F-16F7-4668-BE54-9A1E7A4F7556}") = "FirstHomeWork", "src\FirstHomework\FirstHomeWork.csproj", "{92696324-9232-4680-BA3B-5B6138D7770D}"
EndProject
Project("{2150E333-8FDC-42A3-9474-1A3956D46DE8}") = "Fitness", "Fitness", "{8C95EB09-79EC-427D-BB1D-FF353AFF28CB}"
EndProject
Project("{9A19103F-16F7-4668-BE54-9A1E7A4F7556}") = "Fitness.Core", "src\Fitness\Fitness.Core\Fitness.Core.csproj", "{E6551371-C9FC-40B6-8C02-708B75000ABE}"
EndProject
Project("{9A19103F-16F7-4668-BE54-9A1E7A4F7556}") = "FitnessTracker", "src\Fitness\FitnessTracker\FitnessTracker.csproj", "{BECA37F8-4D3C-419C-A07E-24174804A6A8}"
EndProject
Project("{9A19103F-16F7-4668-BE54-9A1E7A4F7556}") = "Linq", "src\Linq\Linq.csproj", "{70EC9022-0C01-4FBF-BB0A-83DBE8C39C78}"
EndProject
Project("{9A19103F-16F7-4668-BE54-9A1E7A4F7556}") = "MethodDayOfWeek", "src\MethodDayOfWeek\MethodDayOfWeek.csproj", "{A67B881D-85FF-4CD9-A07E-AE6A81AC5205}"
EndProject
Project("{9A19103F-16F7-4668-BE54-9A1E7A4F7556}") = "MyBank", "src\MyBank\MyBank.csproj", "{50CBE983-4DBB-40B1-964B-3463003581A6}"
EndProject
Project("{9A19103F-16F7-4668-BE54-9A1E7A4F7556}") = "ThreadHomework", "src\ThreadHomework\ThreadHomework.csproj", "{B6495778-E711-4072-88F1-C17D64E501FA}"
EndProject
Project("{9A19103F-16F7-4668-BE54-9A1E7A4F7556}") = "ToDo", "src\ToDo\ToDo.csproj", "{29A5B464-EFE2-4DD8-AD62-0E070BB01923}"
EndProject
Project("{9A19103F-16F7-4668-BE54-9A1E7A4F7556}") = "ZooHomework", "src\ZooHomework\ZooHomework.csproj", "{C4A1AA21-E3C1-49E6-B38D-184890FD53BC}"
EndProject
Project("{2150E333-8FDC-42A3-9474-1A3956D46DE8}") = "CodeBlog", "CodeBlog", "{37E4CC09-E35C-4327-AC33-3296A72B42DB}"
	ProjectSection(SolutionItems) = preProject
		src\CodeBlog\9_Self_Property\9_Self_Property.csproj = src\CodeBlog\9_Self_Property\9_Self_Property.csproj
	EndProjectSection
EndProject
Project("{9A19103F-16F7-4668-BE54-9A1E7A4F7556}") = "8_Self_OOP_Principles", "src\CodeBlog\8_Self_OOP_Principles\8_Self_OOP_Principles.csproj", "{3480FCBF-548C-4234-B25A-5A244B294AAD}"
EndProject
Project("{9A19103F-16F7-4668-BE54-9A1E7A4F7556}") = "10_Self_Methods", "src\CodeBlog\10_Self_Methods\10_Self_Methods.csproj", "{132028CE-193B-4C9D-BCC8-5798A2C96B0E}"
EndProject
Project("{9A19103F-16F7-4668-BE54-9A1E7A4F7556}") = "16_Self_Streams", "src\CodeBlog\16_Self_Streams\16_Self_Streams.csproj", "{9A033166-5D56-47D4-A489-C73243D7E152}"
EndProject
Project("{9A19103F-16F7-4668-BE54-9A1E7A4F7556}") = "11_Self_Operator overload", "11_Self_Operator overload\11_Self_Operator overload.csproj", "{A33F0D4F-66C2-465F-A774-90F40DE0E6A6}"
EndProject
Project("{FAE04EC0-301F-11D3-BF4B-00C04F79EFBC}") = "17_Self_Asunc,Await, Thread", "17_Self_Asunc,Await, Thread\17_Self_Asunc,Await, Thread.csproj", "{260BDEC1-ADBC-47C8-BA21-6D00462127D9}"
EndProject
Global
	GlobalSection(SolutionConfigurationPlatforms) = preSolution
		Debug|Any CPU = Debug|Any CPU
		Release|Any CPU = Release|Any CPU
	EndGlobalSection
	GlobalSection(ProjectConfigurationPlatforms) = postSolution
		{BD758178-0326-48A8-B986-56F269B95355}.Debug|Any CPU.ActiveCfg = Debug|Any CPU
		{BD758178-0326-48A8-B986-56F269B95355}.Debug|Any CPU.Build.0 = Debug|Any CPU
		{BD758178-0326-48A8-B986-56F269B95355}.Release|Any CPU.ActiveCfg = Release|Any CPU
		{BD758178-0326-48A8-B986-56F269B95355}.Release|Any CPU.Build.0 = Release|Any CPU
		{92696324-9232-4680-BA3B-5B6138D7770D}.Debug|Any CPU.ActiveCfg = Debug|Any CPU
		{92696324-9232-4680-BA3B-5B6138D7770D}.Debug|Any CPU.Build.0 = Debug|Any CPU
		{92696324-9232-4680-BA3B-5B6138D7770D}.Release|Any CPU.ActiveCfg = Release|Any CPU
		{92696324-9232-4680-BA3B-5B6138D7770D}.Release|Any CPU.Build.0 = Release|Any CPU
		{E6551371-C9FC-40B6-8C02-708B75000ABE}.Debug|Any CPU.ActiveCfg = Debug|Any CPU
		{E6551371-C9FC-40B6-8C02-708B75000ABE}.Debug|Any CPU.Build.0 = Debug|Any CPU
		{E6551371-C9FC-40B6-8C02-708B75000ABE}.Release|Any CPU.ActiveCfg = Release|Any CPU
		{E6551371-C9FC-40B6-8C02-708B75000ABE}.Release|Any CPU.Build.0 = Release|Any CPU
		{BECA37F8-4D3C-419C-A07E-24174804A6A8}.Debug|Any CPU.ActiveCfg = Debug|Any CPU
		{BECA37F8-4D3C-419C-A07E-24174804A6A8}.Debug|Any CPU.Build.0 = Debug|Any CPU
		{BECA37F8-4D3C-419C-A07E-24174804A6A8}.Release|Any CPU.ActiveCfg = Release|Any CPU
		{BECA37F8-4D3C-419C-A07E-24174804A6A8}.Release|Any CPU.Build.0 = Release|Any CPU
		{70EC9022-0C01-4FBF-BB0A-83DBE8C39C78}.Debug|Any CPU.ActiveCfg = Debug|Any CPU
		{70EC9022-0C01-4FBF-BB0A-83DBE8C39C78}.Debug|Any CPU.Build.0 = Debug|Any CPU
		{70EC9022-0C01-4FBF-BB0A-83DBE8C39C78}.Release|Any CPU.ActiveCfg = Release|Any CPU
		{70EC9022-0C01-4FBF-BB0A-83DBE8C39C78}.Release|Any CPU.Build.0 = Release|Any CPU
		{A67B881D-85FF-4CD9-A07E-AE6A81AC5205}.Debug|Any CPU.ActiveCfg = Debug|Any CPU
		{A67B881D-85FF-4CD9-A07E-AE6A81AC5205}.Debug|Any CPU.Build.0 = Debug|Any CPU
		{A67B881D-85FF-4CD9-A07E-AE6A81AC5205}.Release|Any CPU.ActiveCfg = Release|Any CPU
		{A67B881D-85FF-4CD9-A07E-AE6A81AC5205}.Release|Any CPU.Build.0 = Release|Any CPU
		{50CBE983-4DBB-40B1-964B-3463003581A6}.Debug|Any CPU.ActiveCfg = Debug|Any CPU
		{50CBE983-4DBB-40B1-964B-3463003581A6}.Debug|Any CPU.Build.0 = Debug|Any CPU
		{50CBE983-4DBB-40B1-964B-3463003581A6}.Release|Any CPU.ActiveCfg = Release|Any CPU
		{50CBE983-4DBB-40B1-964B-3463003581A6}.Release|Any CPU.Build.0 = Release|Any CPU
		{B6495778-E711-4072-88F1-C17D64E501FA}.Debug|Any CPU.ActiveCfg = Debug|Any CPU
		{B6495778-E711-4072-88F1-C17D64E501FA}.Debug|Any CPU.Build.0 = Debug|Any CPU
		{B6495778-E711-4072-88F1-C17D64E501FA}.Release|Any CPU.ActiveCfg = Release|Any CPU
		{B6495778-E711-4072-88F1-C17D64E501FA}.Release|Any CPU.Build.0 = Release|Any CPU
		{29A5B464-EFE2-4DD8-AD62-0E070BB01923}.Debug|Any CPU.ActiveCfg = Debug|Any CPU
		{29A5B464-EFE2-4DD8-AD62-0E070BB01923}.Debug|Any CPU.Build.0 = Debug|Any CPU
		{29A5B464-EFE2-4DD8-AD62-0E070BB01923}.Release|Any CPU.ActiveCfg = Release|Any CPU
		{29A5B464-EFE2-4DD8-AD62-0E070BB01923}.Release|Any CPU.Build.0 = Release|Any CPU
		{C4A1AA21-E3C1-49E6-B38D-184890FD53BC}.Debug|Any CPU.ActiveCfg = Debug|Any CPU
		{C4A1AA21-E3C1-49E6-B38D-184890FD53BC}.Debug|Any CPU.Build.0 = Debug|Any CPU
		{C4A1AA21-E3C1-49E6-B38D-184890FD53BC}.Release|Any CPU.ActiveCfg = Release|Any CPU
		{C4A1AA21-E3C1-49E6-B38D-184890FD53BC}.Release|Any CPU.Build.0 = Release|Any CPU
		{3480FCBF-548C-4234-B25A-5A244B294AAD}.Debug|Any CPU.ActiveCfg = Debug|Any CPU
		{3480FCBF-548C-4234-B25A-5A244B294AAD}.Debug|Any CPU.Build.0 = Debug|Any CPU
		{3480FCBF-548C-4234-B25A-5A244B294AAD}.Release|Any CPU.ActiveCfg = Release|Any CPU
		{3480FCBF-548C-4234-B25A-5A244B294AAD}.Release|Any CPU.Build.0 = Release|Any CPU
		{132028CE-193B-4C9D-BCC8-5798A2C96B0E}.Debug|Any CPU.ActiveCfg = Debug|Any CPU
		{132028CE-193B-4C9D-BCC8-5798A2C96B0E}.Debug|Any CPU.Build.0 = Debug|Any CPU
		{132028CE-193B-4C9D-BCC8-5798A2C96B0E}.Release|Any CPU.ActiveCfg = Release|Any CPU
		{132028CE-193B-4C9D-BCC8-5798A2C96B0E}.Release|Any CPU.Build.0 = Release|Any CPU
		{9A033166-5D56-47D4-A489-C73243D7E152}.Debug|Any CPU.ActiveCfg = Debug|Any CPU
		{9A033166-5D56-47D4-A489-C73243D7E152}.Debug|Any CPU.Build.0 = Debug|Any CPU
		{9A033166-5D56-47D4-A489-C73243D7E152}.Release|Any CPU.ActiveCfg = Release|Any CPU
		{9A033166-5D56-47D4-A489-C73243D7E152}.Release|Any CPU.Build.0 = Release|Any CPU
		{A33F0D4F-66C2-465F-A774-90F40DE0E6A6}.Debug|Any CPU.ActiveCfg = Debug|Any CPU
		{A33F0D4F-66C2-465F-A774-90F40DE0E6A6}.Debug|Any CPU.Build.0 = Debug|Any CPU
		{A33F0D4F-66C2-465F-A774-90F40DE0E6A6}.Release|Any CPU.ActiveCfg = Release|Any CPU
		{A33F0D4F-66C2-465F-A774-90F40DE0E6A6}.Release|Any CPU.Build.0 = Release|Any CPU
		{260BDEC1-ADBC-47C8-BA21-6D00462127D9}.Debug|Any CPU.ActiveCfg = Debug|Any CPU
		{260BDEC1-ADBC-47C8-BA21-6D00462127D9}.Debug|Any CPU.Build.0 = Debug|Any CPU
		{260BDEC1-ADBC-47C8-BA21-6D00462127D9}.Release|Any CPU.ActiveCfg = Release|Any CPU
		{260BDEC1-ADBC-47C8-BA21-6D00462127D9}.Release|Any CPU.Build.0 = Release|Any CPU
	EndGlobalSection
	GlobalSection(SolutionProperties) = preSolution
		HideSolutionNode = FALSE
	EndGlobalSection
	GlobalSection(NestedProjects) = preSolution
		{E6551371-C9FC-40B6-8C02-708B75000ABE} = {8C95EB09-79EC-427D-BB1D-FF353AFF28CB}
		{BECA37F8-4D3C-419C-A07E-24174804A6A8} = {8C95EB09-79EC-427D-BB1D-FF353AFF28CB}
		{3480FCBF-548C-4234-B25A-5A244B294AAD} = {37E4CC09-E35C-4327-AC33-3296A72B42DB}
		{132028CE-193B-4C9D-BCC8-5798A2C96B0E} = {37E4CC09-E35C-4327-AC33-3296A72B42DB}
		{9A033166-5D56-47D4-A489-C73243D7E152} = {37E4CC09-E35C-4327-AC33-3296A72B42DB}
		{A33F0D4F-66C2-465F-A774-90F40DE0E6A6} = {37E4CC09-E35C-4327-AC33-3296A72B42DB}
		{260BDEC1-ADBC-47C8-BA21-6D00462127D9} = {37E4CC09-E35C-4327-AC33-3296A72B42DB}
	EndGlobalSection
	GlobalSection(ExtensibilityGlobals) = postSolution
		SolutionGuid = {8EF37285-0235-4B27-8E06-5EFCC01AA80F}
	EndGlobalSection
EndGlobal
