
Microsoft Visual Studio Solution File, Format Version 12.00
# Visual Studio Version 16
VisualStudioVersion = 16.0.29905.134
MinimumVisualStudioVersion = 10.0.40219.1
Project("{9A19103F-16F7-4668-BE54-9A1E7A4F7556}") = "SelfPreporation1", "SelfPreporation1.csproj", "{1F94F267-CE70-4CDE-9547-23E718DA4144}"
EndProject
Project("{9A19103F-16F7-4668-BE54-9A1E7A4F7556}") = "MethodDayOfWeek", "..\MethodDayOfWeek\MethodDayOfWeek.csproj", "{60614161-06B4-4C8F-B58C-197399ECC497}"
EndProject
Project("{9A19103F-16F7-4668-BE54-9A1E7A4F7556}") = "ToDo", "..\ToDo\ToDo.csproj", "{EDA31E18-73B7-4748-85AB-7594A84ED3B0}"
EndProject
Project("{9A19103F-16F7-4668-BE54-9A1E7A4F7556}") = "ZooHomework", "..\ZooHomework\ZooHomework.csproj", "{AE7EA93B-8226-40D1-9342-57AA1533B805}"
EndProject
Project("{9A19103F-16F7-4668-BE54-9A1E7A4F7556}") = "MyBank", "..\MyBank\MyBank.csproj", "{057366E0-3973-49CB-AB0D-FBFB5A9F5C2D}"
EndProject
Project("{9A19103F-16F7-4668-BE54-9A1E7A4F7556}") = "FitnessTracker", "..\FitnessTracker\FitnessTracker.csproj", "{A74BC9A2-DAD4-465E-B240-07D368B32454}"
EndProject
Project("{2150E333-8FDC-42A3-9474-1A3956D46DE8}") = "FitnessTrack", "FitnessTrack", "{928A1E72-E6E2-40CA-A07D-BD50FCFABE5C}"
EndProject
Project("{9A19103F-16F7-4668-BE54-9A1E7A4F7556}") = "8_Self_OOP_Principles", "..\..\Self\Self\8_Self_OOP_Principles.csproj", "{308AE9C6-4549-42C3-8483-B315BA5E9F6B}"
EndProject
Project("{9A19103F-16F7-4668-BE54-9A1E7A4F7556}") = "9_Self_Property", "..\ConsoleApp1\9_Self_Property.csproj", "{940ACA52-426A-484F-8A47-F33A23D37DC2}"
EndProject
Project("{9A19103F-16F7-4668-BE54-9A1E7A4F7556}") = "Fitness.Core", "..\Fitness.Core\Fitness.Core.csproj", "{6E9340CF-627E-4AD9-BDAA-C9034F16015A}"
EndProject
Project("{9A19103F-16F7-4668-BE54-9A1E7A4F7556}") = "10_Self_Methods", "..\10_Self_Methods\10_Self_Methods.csproj", "{AA4F0A0F-23DC-4842-8354-1136EFE1F0F6}"
EndProject
Project("{2150E333-8FDC-42A3-9474-1A3956D46DE8}") = "CodeBlog", "CodeBlog", "{DD20A3D7-61D6-4EF7-94CA-95A050C1BE25}"
EndProject
Project("{FAE04EC0-301F-11D3-BF4B-00C04F79EFBC}") = "16_Self_Streams", "..\16_Self_Streams\16_Self_Streams.csproj", "{4C6A24CC-A98F-46DE-8A5B-0EAA6C26B05A}"
EndProject
Global
	GlobalSection(SolutionConfigurationPlatforms) = preSolution
		Debug|Any CPU = Debug|Any CPU
		Release|Any CPU = Release|Any CPU
	EndGlobalSection
	GlobalSection(ProjectConfigurationPlatforms) = postSolution
		{1F94F267-CE70-4CDE-9547-23E718DA4144}.Debug|Any CPU.ActiveCfg = Debug|Any CPU
		{1F94F267-CE70-4CDE-9547-23E718DA4144}.Debug|Any CPU.Build.0 = Debug|Any CPU
		{1F94F267-CE70-4CDE-9547-23E718DA4144}.Release|Any CPU.ActiveCfg = Release|Any CPU
		{1F94F267-CE70-4CDE-9547-23E718DA4144}.Release|Any CPU.Build.0 = Release|Any CPU
		{60614161-06B4-4C8F-B58C-197399ECC497}.Debug|Any CPU.ActiveCfg = Debug|Any CPU
		{60614161-06B4-4C8F-B58C-197399ECC497}.Debug|Any CPU.Build.0 = Debug|Any CPU
		{60614161-06B4-4C8F-B58C-197399ECC497}.Release|Any CPU.ActiveCfg = Release|Any CPU
		{60614161-06B4-4C8F-B58C-197399ECC497}.Release|Any CPU.Build.0 = Release|Any CPU
		{EDA31E18-73B7-4748-85AB-7594A84ED3B0}.Debug|Any CPU.ActiveCfg = Debug|Any CPU
		{EDA31E18-73B7-4748-85AB-7594A84ED3B0}.Debug|Any CPU.Build.0 = Debug|Any CPU
		{EDA31E18-73B7-4748-85AB-7594A84ED3B0}.Release|Any CPU.ActiveCfg = Release|Any CPU
		{EDA31E18-73B7-4748-85AB-7594A84ED3B0}.Release|Any CPU.Build.0 = Release|Any CPU
		{AE7EA93B-8226-40D1-9342-57AA1533B805}.Debug|Any CPU.ActiveCfg = Debug|Any CPU
		{AE7EA93B-8226-40D1-9342-57AA1533B805}.Debug|Any CPU.Build.0 = Debug|Any CPU
		{AE7EA93B-8226-40D1-9342-57AA1533B805}.Release|Any CPU.ActiveCfg = Release|Any CPU
		{AE7EA93B-8226-40D1-9342-57AA1533B805}.Release|Any CPU.Build.0 = Release|Any CPU
		{057366E0-3973-49CB-AB0D-FBFB5A9F5C2D}.Debug|Any CPU.ActiveCfg = Debug|Any CPU
		{057366E0-3973-49CB-AB0D-FBFB5A9F5C2D}.Debug|Any CPU.Build.0 = Debug|Any CPU
		{057366E0-3973-49CB-AB0D-FBFB5A9F5C2D}.Release|Any CPU.ActiveCfg = Release|Any CPU
		{057366E0-3973-49CB-AB0D-FBFB5A9F5C2D}.Release|Any CPU.Build.0 = Release|Any CPU
		{A74BC9A2-DAD4-465E-B240-07D368B32454}.Debug|Any CPU.ActiveCfg = Debug|Any CPU
		{A74BC9A2-DAD4-465E-B240-07D368B32454}.Debug|Any CPU.Build.0 = Debug|Any CPU
		{A74BC9A2-DAD4-465E-B240-07D368B32454}.Release|Any CPU.ActiveCfg = Release|Any CPU
		{A74BC9A2-DAD4-465E-B240-07D368B32454}.Release|Any CPU.Build.0 = Release|Any CPU
		{308AE9C6-4549-42C3-8483-B315BA5E9F6B}.Debug|Any CPU.ActiveCfg = Debug|Any CPU
		{308AE9C6-4549-42C3-8483-B315BA5E9F6B}.Debug|Any CPU.Build.0 = Debug|Any CPU
		{308AE9C6-4549-42C3-8483-B315BA5E9F6B}.Release|Any CPU.ActiveCfg = Release|Any CPU
		{308AE9C6-4549-42C3-8483-B315BA5E9F6B}.Release|Any CPU.Build.0 = Release|Any CPU
		{940ACA52-426A-484F-8A47-F33A23D37DC2}.Debug|Any CPU.ActiveCfg = Debug|Any CPU
		{940ACA52-426A-484F-8A47-F33A23D37DC2}.Debug|Any CPU.Build.0 = Debug|Any CPU
		{940ACA52-426A-484F-8A47-F33A23D37DC2}.Release|Any CPU.ActiveCfg = Release|Any CPU
		{940ACA52-426A-484F-8A47-F33A23D37DC2}.Release|Any CPU.Build.0 = Release|Any CPU
		{6E9340CF-627E-4AD9-BDAA-C9034F16015A}.Debug|Any CPU.ActiveCfg = Debug|Any CPU
		{6E9340CF-627E-4AD9-BDAA-C9034F16015A}.Debug|Any CPU.Build.0 = Debug|Any CPU
		{6E9340CF-627E-4AD9-BDAA-C9034F16015A}.Release|Any CPU.ActiveCfg = Release|Any CPU
		{6E9340CF-627E-4AD9-BDAA-C9034F16015A}.Release|Any CPU.Build.0 = Release|Any CPU
		{AA4F0A0F-23DC-4842-8354-1136EFE1F0F6}.Debug|Any CPU.ActiveCfg = Debug|Any CPU
		{AA4F0A0F-23DC-4842-8354-1136EFE1F0F6}.Debug|Any CPU.Build.0 = Debug|Any CPU
		{AA4F0A0F-23DC-4842-8354-1136EFE1F0F6}.Release|Any CPU.ActiveCfg = Release|Any CPU
		{AA4F0A0F-23DC-4842-8354-1136EFE1F0F6}.Release|Any CPU.Build.0 = Release|Any CPU
		{4C6A24CC-A98F-46DE-8A5B-0EAA6C26B05A}.Debug|Any CPU.ActiveCfg = Debug|Any CPU
		{4C6A24CC-A98F-46DE-8A5B-0EAA6C26B05A}.Debug|Any CPU.Build.0 = Debug|Any CPU
		{4C6A24CC-A98F-46DE-8A5B-0EAA6C26B05A}.Release|Any CPU.ActiveCfg = Release|Any CPU
		{4C6A24CC-A98F-46DE-8A5B-0EAA6C26B05A}.Release|Any CPU.Build.0 = Release|Any CPU
	EndGlobalSection
	GlobalSection(SolutionProperties) = preSolution
		HideSolutionNode = FALSE
	EndGlobalSection
	GlobalSection(NestedProjects) = preSolution
		{A74BC9A2-DAD4-465E-B240-07D368B32454} = {928A1E72-E6E2-40CA-A07D-BD50FCFABE5C}
		{308AE9C6-4549-42C3-8483-B315BA5E9F6B} = {DD20A3D7-61D6-4EF7-94CA-95A050C1BE25}
		{940ACA52-426A-484F-8A47-F33A23D37DC2} = {DD20A3D7-61D6-4EF7-94CA-95A050C1BE25}
		{6E9340CF-627E-4AD9-BDAA-C9034F16015A} = {928A1E72-E6E2-40CA-A07D-BD50FCFABE5C}
		{AA4F0A0F-23DC-4842-8354-1136EFE1F0F6} = {DD20A3D7-61D6-4EF7-94CA-95A050C1BE25}
		{4C6A24CC-A98F-46DE-8A5B-0EAA6C26B05A} = {DD20A3D7-61D6-4EF7-94CA-95A050C1BE25}
	EndGlobalSection
	GlobalSection(ExtensibilityGlobals) = postSolution
		SolutionGuid = {C29E8794-ADDB-42CE-932D-DBFE57894D2B}
	EndGlobalSection
EndGlobal
