
Microsoft Visual Studio Solution File, Format Version 12.00
# Visual Studio Version 16
VisualStudioVersion = 16.0.29905.134
MinimumVisualStudioVersion = 10.0.40219.1
Project("{9A19103F-16F7-4668-BE54-9A1E7A4F7556}") = "SelfPreporation1", "SelfPreporation1.csproj", "{1F94F267-CE70-4CDE-9547-23E718DA4144}"
EndProject
Project("{9A19103F-16F7-4668-BE54-9A1E7A4F7556}") = "MethodDayOfWeek", "..\MethodDayOfWeek\MethodDayOfWeek.csproj", "{60614161-06B4-4C8F-B58C-197399ECC497}"
EndProject
Project("{9A19103F-16F7-4668-BE54-9A1E7A4F7556}") = "ToDo", "..\ToDo\ToDo.csproj", "{EDA31E18-73B7-4748-85AB-7594A84ED3B0}"
EndProject
Project("{9A19103F-16F7-4668-BE54-9A1E7A4F7556}") = "ZooHomework", "..\ZooHomework\ZooHomework.csproj", "{AE7EA93B-8226-40D1-9342-57AA1533B805}"
EndProject
Project("{9A19103F-16F7-4668-BE54-9A1E7A4F7556}") = "Deligate", "..\Deligate\Deligate.csproj", "{FC6B10DB-88B4-491F-AA50-A7BAEEC4B3D4}"
EndProject
Project("{FAE04EC0-301F-11D3-BF4B-00C04F79EFBC}") = "MyBank", "..\MyBank\MyBank.csproj", "{057366E0-3973-49CB-AB0D-FBFB5A9F5C2D}"
EndProject
Global
	GlobalSection(SolutionConfigurationPlatforms) = preSolution
		Debug|Any CPU = Debug|Any CPU
		Release|Any CPU = Release|Any CPU
	EndGlobalSection
	GlobalSection(ProjectConfigurationPlatforms) = postSolution
		{1F94F267-CE70-4CDE-9547-23E718DA4144}.Debug|Any CPU.ActiveCfg = Debug|Any CPU
		{1F94F267-CE70-4CDE-9547-23E718DA4144}.Debug|Any CPU.Build.0 = Debug|Any CPU
		{1F94F267-CE70-4CDE-9547-23E718DA4144}.Release|Any CPU.ActiveCfg = Release|Any CPU
		{1F94F267-CE70-4CDE-9547-23E718DA4144}.Release|Any CPU.Build.0 = Release|Any CPU
		{60614161-06B4-4C8F-B58C-197399ECC497}.Debug|Any CPU.ActiveCfg = Debug|Any CPU
		{60614161-06B4-4C8F-B58C-197399ECC497}.Debug|Any CPU.Build.0 = Debug|Any CPU
		{60614161-06B4-4C8F-B58C-197399ECC497}.Release|Any CPU.ActiveCfg = Release|Any CPU
		{60614161-06B4-4C8F-B58C-197399ECC497}.Release|Any CPU.Build.0 = Release|Any CPU
		{EDA31E18-73B7-4748-85AB-7594A84ED3B0}.Debug|Any CPU.ActiveCfg = Debug|Any CPU
		{EDA31E18-73B7-4748-85AB-7594A84ED3B0}.Debug|Any CPU.Build.0 = Debug|Any CPU
		{EDA31E18-73B7-4748-85AB-7594A84ED3B0}.Release|Any CPU.ActiveCfg = Release|Any CPU
		{EDA31E18-73B7-4748-85AB-7594A84ED3B0}.Release|Any CPU.Build.0 = Release|Any CPU
		{AE7EA93B-8226-40D1-9342-57AA1533B805}.Debug|Any CPU.ActiveCfg = Debug|Any CPU
		{AE7EA93B-8226-40D1-9342-57AA1533B805}.Debug|Any CPU.Build.0 = Debug|Any CPU
		{AE7EA93B-8226-40D1-9342-57AA1533B805}.Release|Any CPU.ActiveCfg = Release|Any CPU
		{AE7EA93B-8226-40D1-9342-57AA1533B805}.Release|Any CPU.Build.0 = Release|Any CPU
		{FC6B10DB-88B4-491F-AA50-A7BAEEC4B3D4}.Debug|Any CPU.ActiveCfg = Debug|Any CPU
		{FC6B10DB-88B4-491F-AA50-A7BAEEC4B3D4}.Debug|Any CPU.Build.0 = Debug|Any CPU
		{FC6B10DB-88B4-491F-AA50-A7BAEEC4B3D4}.Release|Any CPU.ActiveCfg = Release|Any CPU
		{FC6B10DB-88B4-491F-AA50-A7BAEEC4B3D4}.Release|Any CPU.Build.0 = Release|Any CPU
		{057366E0-3973-49CB-AB0D-FBFB5A9F5C2D}.Debug|Any CPU.ActiveCfg = Debug|Any CPU
		{057366E0-3973-49CB-AB0D-FBFB5A9F5C2D}.Debug|Any CPU.Build.0 = Debug|Any CPU
		{057366E0-3973-49CB-AB0D-FBFB5A9F5C2D}.Release|Any CPU.ActiveCfg = Release|Any CPU
		{057366E0-3973-49CB-AB0D-FBFB5A9F5C2D}.Release|Any CPU.Build.0 = Release|Any CPU
	EndGlobalSection
	GlobalSection(SolutionProperties) = preSolution
		HideSolutionNode = FALSE
	EndGlobalSection
	GlobalSection(ExtensibilityGlobals) = postSolution
		SolutionGuid = {C29E8794-ADDB-42CE-932D-DBFE57894D2B}
	EndGlobalSection
EndGlobal
